
Microsoft Visual Studio Solution File, Format Version 12.00
# Visual Studio Version 17
VisualStudioVersion = 17.3.32929.385
MinimumVisualStudioVersion = 10.0.40219.1
Project("{FAE04EC0-301F-11D3-BF4B-00C04F79EFBC}") = "ITShop.API", "ITShop.API\ITShop.API.csproj", "{D63AC373-D661-4D9E-AD83-6B1D212AE769}"
EndProject
Global
	GlobalSection(SolutionConfigurationPlatforms) = preSolution
		Debug|Any CPU = Debug|Any CPU
		Release|Any CPU = Release|Any CPU
	EndGlobalSection
	GlobalSection(ProjectConfigurationPlatforms) = postSolution
		{D63AC373-D661-4D9E-AD83-6B1D212AE769}.Debug|Any CPU.ActiveCfg = Debug|Any CPU
		{D63AC373-D661-4D9E-AD83-6B1D212AE769}.Debug|Any CPU.Build.0 = Debug|Any CPU
		{D63AC373-D661-4D9E-AD83-6B1D212AE769}.Release|Any CPU.ActiveCfg = Release|Any CPU
		{D63AC373-D661-4D9E-AD83-6B1D212AE769}.Release|Any CPU.Build.0 = Release|Any CPU
	EndGlobalSection
	GlobalSection(SolutionProperties) = preSolution
		HideSolutionNode = FALSE
	EndGlobalSection
	GlobalSection(ExtensibilityGlobals) = postSolution
		SolutionGuid = {4CFA13ED-652A-4755-872C-AC4904525270}
	EndGlobalSection
EndGlobal
